
Microsoft Visual Studio Solution File, Format Version 11.00
# Visual Studio 2010
Project("{FAE04EC0-301F-11D3-BF4B-00C04F79EFBC}") = "IndexLibrary", "SearchLibrary\IndexLibrary.csproj", "{EFD29EE5-8091-4550-81FA-80228F51F1E0}"
EndProject
Project("{FAE04EC0-301F-11D3-BF4B-00C04F79EFBC}") = "TestConsole", "TestConsole\TestConsole.csproj", "{ED6D34C7-57D8-419C-AC79-AFAC065E26D4}"
EndProject
Project("{FAE04EC0-301F-11D3-BF4B-00C04F79EFBC}") = "IndexLibrary.Analysis", "IndexLibrary.Analysis\IndexLibrary.Analysis.csproj", "{A556B294-6FE2-44B9-BF3D-47FCFA40CD0C}"
EndProject
Project("{FAE04EC0-301F-11D3-BF4B-00C04F79EFBC}") = "IndexLibrary.Web", "IndexLibrary.Web\IndexLibrary.Web.csproj", "{08D2EEC0-00BD-45F6-9507-17E494BAC308}"
EndProject
Project("{FAE04EC0-301F-11D3-BF4B-00C04F79EFBC}") = "IndexLibrary.FileParsers", "IndexLibrary.FileParsers\IndexLibrary.FileParsers.csproj", "{21228C10-A29F-420E-AF6D-184A964447DF}"
EndProject
Global
	GlobalSection(SolutionConfigurationPlatforms) = preSolution
		Debug|Any CPU = Debug|Any CPU
		Debug|Mixed Platforms = Debug|Mixed Platforms
		Debug|x86 = Debug|x86
		Release|Any CPU = Release|Any CPU
		Release|Mixed Platforms = Release|Mixed Platforms
		Release|x86 = Release|x86
	EndGlobalSection
	GlobalSection(ProjectConfigurationPlatforms) = postSolution
		{EFD29EE5-8091-4550-81FA-80228F51F1E0}.Debug|Any CPU.ActiveCfg = Debug|Any CPU
		{EFD29EE5-8091-4550-81FA-80228F51F1E0}.Debug|Any CPU.Build.0 = Debug|Any CPU
		{EFD29EE5-8091-4550-81FA-80228F51F1E0}.Debug|Mixed Platforms.ActiveCfg = Debug|Any CPU
		{EFD29EE5-8091-4550-81FA-80228F51F1E0}.Debug|Mixed Platforms.Build.0 = Debug|Any CPU
		{EFD29EE5-8091-4550-81FA-80228F51F1E0}.Debug|x86.ActiveCfg = Debug|Any CPU
		{EFD29EE5-8091-4550-81FA-80228F51F1E0}.Release|Any CPU.ActiveCfg = Release|Any CPU
		{EFD29EE5-8091-4550-81FA-80228F51F1E0}.Release|Any CPU.Build.0 = Release|Any CPU
		{EFD29EE5-8091-4550-81FA-80228F51F1E0}.Release|Mixed Platforms.ActiveCfg = Release|Any CPU
		{EFD29EE5-8091-4550-81FA-80228F51F1E0}.Release|Mixed Platforms.Build.0 = Release|Any CPU
		{EFD29EE5-8091-4550-81FA-80228F51F1E0}.Release|x86.ActiveCfg = Release|Any CPU
		{ED6D34C7-57D8-419C-AC79-AFAC065E26D4}.Debug|Any CPU.ActiveCfg = Debug|x86
		{ED6D34C7-57D8-419C-AC79-AFAC065E26D4}.Debug|Mixed Platforms.ActiveCfg = Debug|x86
		{ED6D34C7-57D8-419C-AC79-AFAC065E26D4}.Debug|Mixed Platforms.Build.0 = Debug|x86
		{ED6D34C7-57D8-419C-AC79-AFAC065E26D4}.Debug|x86.ActiveCfg = Debug|x86
		{ED6D34C7-57D8-419C-AC79-AFAC065E26D4}.Debug|x86.Build.0 = Debug|x86
		{ED6D34C7-57D8-419C-AC79-AFAC065E26D4}.Release|Any CPU.ActiveCfg = Release|x86
		{ED6D34C7-57D8-419C-AC79-AFAC065E26D4}.Release|Mixed Platforms.ActiveCfg = Release|x86
		{ED6D34C7-57D8-419C-AC79-AFAC065E26D4}.Release|Mixed Platforms.Build.0 = Release|x86
		{ED6D34C7-57D8-419C-AC79-AFAC065E26D4}.Release|x86.ActiveCfg = Release|x86
		{ED6D34C7-57D8-419C-AC79-AFAC065E26D4}.Release|x86.Build.0 = Release|x86
		{A556B294-6FE2-44B9-BF3D-47FCFA40CD0C}.Debug|Any CPU.ActiveCfg = Debug|Any CPU
		{A556B294-6FE2-44B9-BF3D-47FCFA40CD0C}.Debug|Any CPU.Build.0 = Debug|Any CPU
		{A556B294-6FE2-44B9-BF3D-47FCFA40CD0C}.Debug|Mixed Platforms.ActiveCfg = Debug|Any CPU
		{A556B294-6FE2-44B9-BF3D-47FCFA40CD0C}.Debug|Mixed Platforms.Build.0 = Debug|Any CPU
		{A556B294-6FE2-44B9-BF3D-47FCFA40CD0C}.Debug|x86.ActiveCfg = Debug|Any CPU
		{A556B294-6FE2-44B9-BF3D-47FCFA40CD0C}.Release|Any CPU.ActiveCfg = Release|Any CPU
		{A556B294-6FE2-44B9-BF3D-47FCFA40CD0C}.Release|Any CPU.Build.0 = Release|Any CPU
		{A556B294-6FE2-44B9-BF3D-47FCFA40CD0C}.Release|Mixed Platforms.ActiveCfg = Release|Any CPU
		{A556B294-6FE2-44B9-BF3D-47FCFA40CD0C}.Release|Mixed Platforms.Build.0 = Release|Any CPU
		{A556B294-6FE2-44B9-BF3D-47FCFA40CD0C}.Release|x86.ActiveCfg = Release|Any CPU
		{08D2EEC0-00BD-45F6-9507-17E494BAC308}.Debug|Any CPU.ActiveCfg = Debug|Any CPU
		{08D2EEC0-00BD-45F6-9507-17E494BAC308}.Debug|Any CPU.Build.0 = Debug|Any CPU
		{08D2EEC0-00BD-45F6-9507-17E494BAC308}.Debug|Mixed Platforms.ActiveCfg = Debug|Any CPU
		{08D2EEC0-00BD-45F6-9507-17E494BAC308}.Debug|Mixed Platforms.Build.0 = Debug|Any CPU
		{08D2EEC0-00BD-45F6-9507-17E494BAC308}.Debug|x86.ActiveCfg = Debug|Any CPU
		{08D2EEC0-00BD-45F6-9507-17E494BAC308}.Release|Any CPU.ActiveCfg = Release|Any CPU
		{08D2EEC0-00BD-45F6-9507-17E494BAC308}.Release|Any CPU.Build.0 = Release|Any CPU
		{08D2EEC0-00BD-45F6-9507-17E494BAC308}.Release|Mixed Platforms.ActiveCfg = Release|Any CPU
		{08D2EEC0-00BD-45F6-9507-17E494BAC308}.Release|Mixed Platforms.Build.0 = Release|Any CPU
		{08D2EEC0-00BD-45F6-9507-17E494BAC308}.Release|x86.ActiveCfg = Release|Any CPU
		{21228C10-A29F-420E-AF6D-184A964447DF}.Debug|Any CPU.ActiveCfg = Debug|Any CPU
		{21228C10-A29F-420E-AF6D-184A964447DF}.Debug|Any CPU.Build.0 = Debug|Any CPU
		{21228C10-A29F-420E-AF6D-184A964447DF}.Debug|Mixed Platforms.ActiveCfg = Debug|Any CPU
		{21228C10-A29F-420E-AF6D-184A964447DF}.Debug|Mixed Platforms.Build.0 = Debug|Any CPU
		{21228C10-A29F-420E-AF6D-184A964447DF}.Debug|x86.ActiveCfg = Debug|Any CPU
		{21228C10-A29F-420E-AF6D-184A964447DF}.Release|Any CPU.ActiveCfg = Release|Any CPU
		{21228C10-A29F-420E-AF6D-184A964447DF}.Release|Any CPU.Build.0 = Release|Any CPU
		{21228C10-A29F-420E-AF6D-184A964447DF}.Release|Mixed Platforms.ActiveCfg = Release|Any CPU
		{21228C10-A29F-420E-AF6D-184A964447DF}.Release|Mixed Platforms.Build.0 = Release|Any CPU
		{21228C10-A29F-420E-AF6D-184A964447DF}.Release|x86.ActiveCfg = Release|Any CPU
	EndGlobalSection
	GlobalSection(SolutionProperties) = preSolution
		HideSolutionNode = FALSE
	EndGlobalSection
EndGlobal
